
Microsoft Visual Studio Solution File, Format Version 12.00
# Visual Studio Version 16
VisualStudioVersion = 16.0.31019.35
MinimumVisualStudioVersion = 10.0.40219.1
Project("{FAE04EC0-301F-11D3-BF4B-00C04F79EFBC}") = "MySimpleRPG", "MySimpleRPG.csproj", "{28619F2A-248F-4A5E-B404-55BBA0FA069C}"
EndProject
Project("{FAE04EC0-301F-11D3-BF4B-00C04F79EFBC}") = "Engine", "..\Engine\Engine.csproj", "{0CAC561D-45C7-4CEC-922E-FC02C1E839A2}"
EndProject
Global
	GlobalSection(SolutionConfigurationPlatforms) = preSolution
		Debug|Any CPU = Debug|Any CPU
		Release|Any CPU = Release|Any CPU
	EndGlobalSection
	GlobalSection(ProjectConfigurationPlatforms) = postSolution
		{28619F2A-248F-4A5E-B404-55BBA0FA069C}.Debug|Any CPU.ActiveCfg = Debug|Any CPU
		{28619F2A-248F-4A5E-B404-55BBA0FA069C}.Debug|Any CPU.Build.0 = Debug|Any CPU
		{28619F2A-248F-4A5E-B404-55BBA0FA069C}.Release|Any CPU.ActiveCfg = Release|Any CPU
		{28619F2A-248F-4A5E-B404-55BBA0FA069C}.Release|Any CPU.Build.0 = Release|Any CPU
		{0CAC561D-45C7-4CEC-922E-FC02C1E839A2}.Debug|Any CPU.ActiveCfg = Debug|Any CPU
		{0CAC561D-45C7-4CEC-922E-FC02C1E839A2}.Debug|Any CPU.Build.0 = Debug|Any CPU
		{0CAC561D-45C7-4CEC-922E-FC02C1E839A2}.Release|Any CPU.ActiveCfg = Release|Any CPU
		{0CAC561D-45C7-4CEC-922E-FC02C1E839A2}.Release|Any CPU.Build.0 = Release|Any CPU
	EndGlobalSection
	GlobalSection(SolutionProperties) = preSolution
		HideSolutionNode = FALSE
	EndGlobalSection
	GlobalSection(ExtensibilityGlobals) = postSolution
		SolutionGuid = {4D25BD1B-092B-4429-A8AE-47FCA978A7CA}
	EndGlobalSection
EndGlobal
